// !$*UTF8*$!
{
	archiveVersion = 1;
	classes = {
	};
	objectVersion = 50;
	objects = {

/* Begin PBXBuildFile section */
		8AE91D3B22E9661300333D30 /* AppDelegate.swift in Sources */ = {isa = PBXBuildFile; fileRef = 8AE91D3A22E9661300333D30 /* AppDelegate.swift */; };
		8AE91D3D22E9661300333D30 /* ViewController.swift in Sources */ = {isa = PBXBuildFile; fileRef = 8AE91D3C22E9661300333D30 /* ViewController.swift */; };
		8AE91D4022E9661300333D30 /* Main.storyboard in Resources */ = {isa = PBXBuildFile; fileRef = 8AE91D3E22E9661300333D30 /* Main.storyboard */; };
		8AE91D4222E9661500333D30 /* Assets.xcassets in Resources */ = {isa = PBXBuildFile; fileRef = 8AE91D4122E9661500333D30 /* Assets.xcassets */; };
		8AE91D4522E9661500333D30 /* LaunchScreen.storyboard in Resources */ = {isa = PBXBuildFile; fileRef = 8AE91D4322E9661500333D30 /* LaunchScreen.storyboard */; };
		8AE91D5022E9661500333D30 /* imgPickerTests.swift in Sources */ = {isa = PBXBuildFile; fileRef = 8AE91D4F22E9661500333D30 /* imgPickerTests.swift */; };
		8AE91D5B22E9661500333D30 /* imgPickerUITests.swift in Sources */ = {isa = PBXBuildFile; fileRef = 8AE91D5A22E9661500333D30 /* imgPickerUITests.swift */; };
/* End PBXBuildFile section */

/* Begin PBXContainerItemProxy section */
		8AE91D4C22E9661500333D30 /* PBXContainerItemProxy */ = {
			isa = PBXContainerItemProxy;
			containerPortal = 8AE91D2F22E9661300333D30 /* Project object */;
			proxyType = 1;
			remoteGlobalIDString = 8AE91D3622E9661300333D30;
			remoteInfo = imgPicker;
		};
		8AE91D5722E9661500333D30 /* PBXContainerItemProxy */ = {
			isa = PBXContainerItemProxy;
			containerPortal = 8AE91D2F22E9661300333D30 /* Project object */;
			proxyType = 1;
			remoteGlobalIDString = 8AE91D3622E9661300333D30;
			remoteInfo = imgPicker;
		};
/* End PBXContainerItemProxy section */

/* Begin PBXFileReference section */
		8AE91D3722E9661300333D30 /* imgPicker.app */ = {isa = PBXFileReference; explicitFileType = wrapper.application; includeInIndex = 0; path = imgPicker.app; sourceTree = BUILT_PRODUCTS_DIR; };
		8AE91D3A22E9661300333D30 /* AppDelegate.swift */ = {isa = PBXFileReference; lastKnownFileType = sourcecode.swift; path = AppDelegate.swift; sourceTree = "<group>"; };
		8AE91D3C22E9661300333D30 /* ViewController.swift */ = {isa = PBXFileReference; lastKnownFileType = sourcecode.swift; path = ViewController.swift; sourceTree = "<group>"; };
		8AE91D3F22E9661300333D30 /* Base */ = {isa = PBXFileReference; lastKnownFileType = file.storyboard; name = Base; path = Base.lproj/Main.storyboard; sourceTree = "<group>"; };
		8AE91D4122E9661500333D30 /* Assets.xcassets */ = {isa = PBXFileReference; lastKnownFileType = folder.assetcatalog; path = Assets.xcassets; sourceTree = "<group>"; };
		8AE91D4422E9661500333D30 /* Base */ = {isa = PBXFileReference; lastKnownFileType = file.storyboard; name = Base; path = Base.lproj/LaunchScreen.storyboard; sourceTree = "<group>"; };
		8AE91D4622E9661500333D30 /* Info.plist */ = {isa = PBXFileReference; lastKnownFileType = text.plist.xml; path = Info.plist; sourceTree = "<group>"; };
		8AE91D4B22E9661500333D30 /* imgPickerTests.xctest */ = {isa = PBXFileReference; explicitFileType = wrapper.cfbundle; includeInIndex = 0; path = imgPickerTests.xctest; sourceTree = BUILT_PRODUCTS_DIR; };
		8AE91D4F22E9661500333D30 /* imgPickerTests.swift */ = {isa = PBXFileReference; lastKnownFileType = sourcecode.swift; path = imgPickerTests.swift; sourceTree = "<group>"; };
		8AE91D5122E9661500333D30 /* Info.plist */ = {isa = PBXFileReference; lastKnownFileType = text.plist.xml; path = Info.plist; sourceTree = "<group>"; };
		8AE91D5622E9661500333D30 /* imgPickerUITests.xctest */ = {isa = PBXFileReference; explicitFileType = wrapper.cfbundle; includeInIndex = 0; path = imgPickerUITests.xctest; sourceTree = BUILT_PRODUCTS_DIR; };
		8AE91D5A22E9661500333D30 /* imgPickerUITests.swift */ = {isa = PBXFileReference; lastKnownFileType = sourcecode.swift; path = imgPickerUITests.swift; sourceTree = "<group>"; };
		8AE91D5C22E9661500333D30 /* Info.plist */ = {isa = PBXFileReference; lastKnownFileType = text.plist.xml; path = Info.plist; sourceTree = "<group>"; };
/* End PBXFileReference section */

/* Begin PBXFrameworksBuildPhase section */
		8AE91D3422E9661300333D30 /* Frameworks */ = {
			isa = PBXFrameworksBuildPhase;
			buildActionMask = 2147483647;
			files = (
			);
			runOnlyForDeploymentPostprocessing = 0;
		};
		8AE91D4822E9661500333D30 /* Frameworks */ = {
			isa = PBXFrameworksBuildPhase;
			buildActionMask = 2147483647;
			files = (
			);
			runOnlyForDeploymentPostprocessing = 0;
		};
		8AE91D5322E9661500333D30 /* Frameworks */ = {
			isa = PBXFrameworksBuildPhase;
			buildActionMask = 2147483647;
			files = (
			);
			runOnlyForDeploymentPostprocessing = 0;
		};
/* End PBXFrameworksBuildPhase section */

/* Begin PBXGroup section */
		8AE91D2E22E9661300333D30 = {
			isa = PBXGroup;
			children = (
				8AE91D3922E9661300333D30 /* imgPicker */,
				8AE91D4E22E9661500333D30 /* imgPickerTests */,
				8AE91D5922E9661500333D30 /* imgPickerUITests */,
				8AE91D3822E9661300333D30 /* Products */,
			);
			sourceTree = "<group>";
		};
		8AE91D3822E9661300333D30 /* Products */ = {
			isa = PBXGroup;
			children = (
				8AE91D3722E9661300333D30 /* imgPicker.app */,
				8AE91D4B22E9661500333D30 /* imgPickerTests.xctest */,
				8AE91D5622E9661500333D30 /* imgPickerUITests.xctest */,
			);
			name = Products;
			sourceTree = "<group>";
		};
		8AE91D3922E9661300333D30 /* imgPicker */ = {
			isa = PBXGroup;
			children = (
				8AE91D3A22E9661300333D30 /* AppDelegate.swift */,
				8AE91D3C22E9661300333D30 /* ViewController.swift */,
				8AE91D3E22E9661300333D30 /* Main.storyboard */,
				8AE91D4122E9661500333D30 /* Assets.xcassets */,
				8AE91D4322E9661500333D30 /* LaunchScreen.storyboard */,
				8AE91D4622E9661500333D30 /* Info.plist */,
			);
			path = imgPicker;
			sourceTree = "<group>";
		};
		8AE91D4E22E9661500333D30 /* imgPickerTests */ = {
			isa = PBXGroup;
			children = (
				8AE91D4F22E9661500333D30 /* imgPickerTests.swift */,
				8AE91D5122E9661500333D30 /* Info.plist */,
			);
			path = imgPickerTests;
			sourceTree = "<group>";
		};
		8AE91D5922E9661500333D30 /* imgPickerUITests */ = {
			isa = PBXGroup;
			children = (
				8AE91D5A22E9661500333D30 /* imgPickerUITests.swift */,
				8AE91D5C22E9661500333D30 /* Info.plist */,
			);
			path = imgPickerUITests;
			sourceTree = "<group>";
		};
/* End PBXGroup section */

/* Begin PBXNativeTarget section */
		8AE91D3622E9661300333D30 /* imgPicker */ = {
			isa = PBXNativeTarget;
			buildConfigurationList = 8AE91D5F22E9661500333D30 /* Build configuration list for PBXNativeTarget "imgPicker" */;
			buildPhases = (
				8AE91D3322E9661300333D30 /* Sources */,
				8AE91D3422E9661300333D30 /* Frameworks */,
				8AE91D3522E9661300333D30 /* Resources */,
			);
			buildRules = (
			);
			dependencies = (
			);
			name = imgPicker;
			productName = imgPicker;
			productReference = 8AE91D3722E9661300333D30 /* imgPicker.app */;
			productType = "com.apple.product-type.application";
		};
		8AE91D4A22E9661500333D30 /* imgPickerTests */ = {
			isa = PBXNativeTarget;
			buildConfigurationList = 8AE91D6222E9661500333D30 /* Build configuration list for PBXNativeTarget "imgPickerTests" */;
			buildPhases = (
				8AE91D4722E9661500333D30 /* Sources */,
				8AE91D4822E9661500333D30 /* Frameworks */,
				8AE91D4922E9661500333D30 /* Resources */,
			);
			buildRules = (
			);
			dependencies = (
				8AE91D4D22E9661500333D30 /* PBXTargetDependency */,
			);
			name = imgPickerTests;
			productName = imgPickerTests;
			productReference = 8AE91D4B22E9661500333D30 /* imgPickerTests.xctest */;
			productType = "com.apple.product-type.bundle.unit-test";
		};
		8AE91D5522E9661500333D30 /* imgPickerUITests */ = {
			isa = PBXNativeTarget;
			buildConfigurationList = 8AE91D6522E9661500333D30 /* Build configuration list for PBXNativeTarget "imgPickerUITests" */;
			buildPhases = (
				8AE91D5222E9661500333D30 /* Sources */,
				8AE91D5322E9661500333D30 /* Frameworks */,
				8AE91D5422E9661500333D30 /* Resources */,
			);
			buildRules = (
			);
			dependencies = (
				8AE91D5822E9661500333D30 /* PBXTargetDependency */,
			);
			name = imgPickerUITests;
			productName = imgPickerUITests;
			productReference = 8AE91D5622E9661500333D30 /* imgPickerUITests.xctest */;
			productType = "com.apple.product-type.bundle.ui-testing";
		};
/* End PBXNativeTarget section */

/* Begin PBXProject section */
		8AE91D2F22E9661300333D30 /* Project object */ = {
			isa = PBXProject;
			attributes = {
				LastSwiftUpdateCheck = 1020;
				LastUpgradeCheck = 1020;
				ORGANIZATIONNAME = edu.data;
				TargetAttributes = {
					8AE91D3622E9661300333D30 = {
						CreatedOnToolsVersion = 10.2.1;
					};
					8AE91D4A22E9661500333D30 = {
						CreatedOnToolsVersion = 10.2.1;
						TestTargetID = 8AE91D3622E9661300333D30;
					};
					8AE91D5522E9661500333D30 = {
						CreatedOnToolsVersion = 10.2.1;
						TestTargetID = 8AE91D3622E9661300333D30;
					};
				};
			};
			buildConfigurationList = 8AE91D3222E9661300333D30 /* Build configuration list for PBXProject "imgPicker" */;
			compatibilityVersion = "Xcode 9.3";
			developmentRegion = en;
			hasScannedForEncodings = 0;
			knownRegions = (
				en,
				Base,
			);
			mainGroup = 8AE91D2E22E9661300333D30;
			productRefGroup = 8AE91D3822E9661300333D30 /* Products */;
			projectDirPath = "";
			projectRoot = "";
			targets = (
				8AE91D3622E9661300333D30 /* imgPicker */,
				8AE91D4A22E9661500333D30 /* imgPickerTests */,
				8AE91D5522E9661500333D30 /* imgPickerUITests */,
			);
		};
/* End PBXProject section */

/* Begin PBXResourcesBuildPhase section */
		8AE91D3522E9661300333D30 /* Resources */ = {
			isa = PBXResourcesBuildPhase;
			buildActionMask = 2147483647;
			files = (
				8AE91D4522E9661500333D30 /* LaunchScreen.storyboard in Resources */,
				8AE91D4222E9661500333D30 /* Assets.xcassets in Resources */,
				8AE91D4022E9661300333D30 /* Main.storyboard in Resources */,
			);
			runOnlyForDeploymentPostprocessing = 0;
		};
		8AE91D4922E9661500333D30 /* Resources */ = {
			isa = PBXResourcesBuildPhase;
			buildActionMask = 2147483647;
			files = (
			);
			runOnlyForDeploymentPostprocessing = 0;
		};
		8AE91D5422E9661500333D30 /* Resources */ = {
			isa = PBXResourcesBuildPhase;
			buildActionMask = 2147483647;
			files = (
			);
			runOnlyForDeploymentPostprocessing = 0;
		};
/* End PBXResourcesBuildPhase section */

/* Begin PBXSourcesBuildPhase section */
		8AE91D3322E9661300333D30 /* Sources */ = {
			isa = PBXSourcesBuildPhase;
			buildActionMask = 2147483647;
			files = (
				8AE91D3D22E9661300333D30 /* ViewController.swift in Sources */,
				8AE91D3B22E9661300333D30 /* AppDelegate.swift in Sources */,
			);
			runOnlyForDeploymentPostprocessing = 0;
		};
		8AE91D4722E9661500333D30 /* Sources */ = {
			isa = PBXSourcesBuildPhase;
			buildActionMask = 2147483647;
			files = (
				8AE91D5022E9661500333D30 /* imgPickerTests.swift in Sources */,
			);
			runOnlyForDeploymentPostprocessing = 0;
		};
		8AE91D5222E9661500333D30 /* Sources */ = {
			isa = PBXSourcesBuildPhase;
			buildActionMask = 2147483647;
			files = (
				8AE91D5B22E9661500333D30 /* imgPickerUITests.swift in Sources */,
			);
			runOnlyForDeploymentPostprocessing = 0;
		};
/* End PBXSourcesBuildPhase section */

/* Begin PBXTargetDependency section */
		8AE91D4D22E9661500333D30 /* PBXTargetDependency */ = {
			isa = PBXTargetDependency;
			target = 8AE91D3622E9661300333D30 /* imgPicker */;
			targetProxy = 8AE91D4C22E9661500333D30 /* PBXContainerItemProxy */;
		};
		8AE91D5822E9661500333D30 /* PBXTargetDependency */ = {
			isa = PBXTargetDependency;
			target = 8AE91D3622E9661300333D30 /* imgPicker */;
			targetProxy = 8AE91D5722E9661500333D30 /* PBXContainerItemProxy */;
		};
/* End PBXTargetDependency section */

/* Begin PBXVariantGroup section */
		8AE91D3E22E9661300333D30 /* Main.storyboard */ = {
			isa = PBXVariantGroup;
			children = (
				8AE91D3F22E9661300333D30 /* Base */,
			);
			name = Main.storyboard;
			sourceTree = "<group>";
		};
		8AE91D4322E9661500333D30 /* LaunchScreen.storyboard */ = {
			isa = PBXVariantGroup;
			children = (
				8AE91D4422E9661500333D30 /* Base */,
			);
			name = LaunchScreen.storyboard;
			sourceTree = "<group>";
		};
/* End PBXVariantGroup section */

/* Begin XCBuildConfiguration section */
		8AE91D5D22E9661500333D30 /* Debug */ = {
			isa = XCBuildConfiguration;
			buildSettings = {
				ALWAYS_SEARCH_USER_PATHS = NO;
				CLANG_ANALYZER_NONNULL = YES;
				CLANG_ANALYZER_NUMBER_OBJECT_CONVERSION = YES_AGGRESSIVE;
				CLANG_CXX_LANGUAGE_STANDARD = "gnu++14";
				CLANG_CXX_LIBRARY = "libc++";
				CLANG_ENABLE_MODULES = YES;
				CLANG_ENABLE_OBJC_ARC = YES;
				CLANG_ENABLE_OBJC_WEAK = YES;
				CLANG_WARN_BLOCK_CAPTURE_AUTORELEASING = YES;
				CLANG_WARN_BOOL_CONVERSION = YES;
				CLANG_WARN_COMMA = YES;
				CLANG_WARN_CONSTANT_CONVERSION = YES;
				CLANG_WARN_DEPRECATED_OBJC_IMPLEMENTATIONS = YES;
				CLANG_WARN_DIRECT_OBJC_ISA_USAGE = YES_ERROR;
				CLANG_WARN_DOCUMENTATION_COMMENTS = YES;
				CLANG_WARN_EMPTY_BODY = YES;
				CLANG_WARN_ENUM_CONVERSION = YES;
				CLANG_WARN_INFINITE_RECURSION = YES;
				CLANG_WARN_INT_CONVERSION = YES;
				CLANG_WARN_NON_LITERAL_NULL_CONVERSION = YES;
				CLANG_WARN_OBJC_IMPLICIT_RETAIN_SELF = YES;
				CLANG_WARN_OBJC_LITERAL_CONVERSION = YES;
				CLANG_WARN_OBJC_ROOT_CLASS = YES_ERROR;
				CLANG_WARN_RANGE_LOOP_ANALYSIS = YES;
				CLANG_WARN_STRICT_PROTOTYPES = YES;
				CLANG_WARN_SUSPICIOUS_MOVE = YES;
				CLANG_WARN_UNGUARDED_AVAILABILITY = YES_AGGRESSIVE;
				CLANG_WARN_UNREACHABLE_CODE = YES;
				CLANG_WARN__DUPLICATE_METHOD_MATCH = YES;
				CODE_SIGN_IDENTITY = "iPhone Developer";
				COPY_PHASE_STRIP = NO;
				DEBUG_INFORMATION_FORMAT = dwarf;
				ENABLE_STRICT_OBJC_MSGSEND = YES;
				ENABLE_TESTABILITY = YES;
				GCC_C_LANGUAGE_STANDARD = gnu11;
				GCC_DYNAMIC_NO_PIC = NO;
				GCC_NO_COMMON_BLOCKS = YES;
				GCC_OPTIMIZATION_LEVEL = 0;
				GCC_PREPROCESSOR_DEFINITIONS = (
					"DEBUG=1",
					"$(inherited)",
				);
				GCC_WARN_64_TO_32_BIT_CONVERSION = YES;
				GCC_WARN_ABOUT_RETURN_TYPE = YES_ERROR;
				GCC_WARN_UNDECLARED_SELECTOR = YES;
				GCC_WARN_UNINITIALIZED_AUTOS = YES_AGGRESSIVE;
				GCC_WARN_UNUSED_FUNCTION = YES;
				GCC_WARN_UNUSED_VARIABLE = YES;
				IPHONEOS_DEPLOYMENT_TARGET = 12.2;
				MTL_ENABLE_DEBUG_INFO = INCLUDE_SOURCE;
				MTL_FAST_MATH = YES;
				ONLY_ACTIVE_ARCH = YES;
				SDKROOT = iphoneos;
				SWIFT_ACTIVE_COMPILATION_CONDITIONS = DEBUG;
				SWIFT_OPTIMIZATION_LEVEL = "-Onone";
			};
			name = Debug;
		};
		8AE91D5E22E9661500333D30 /* Release */ = {
			isa = XCBuildConfiguration;
			buildSettings = {
				ALWAYS_SEARCH_USER_PATHS = NO;
				CLANG_ANALYZER_NONNULL = YES;
				CLANG_ANALYZER_NUMBER_OBJECT_CONVERSION = YES_AGGRESSIVE;
				CLANG_CXX_LANGUAGE_STANDARD = "gnu++14";
				CLANG_CXX_LIBRARY = "libc++";
				CLANG_ENABLE_MODULES = YES;
				CLANG_ENABLE_OBJC_ARC = YES;
				CLANG_ENABLE_OBJC_WEAK = YES;
				CLANG_WARN_BLOCK_CAPTURE_AUTORELEASING = YES;
				CLANG_WARN_BOOL_CONVERSION = YES;
				CLANG_WARN_COMMA = YES;
				CLANG_WARN_CONSTANT_CONVERSION = YES;
				CLANG_WARN_DEPRECATED_OBJC_IMPLEMENTATIONS = YES;
				CLANG_WARN_DIRECT_OBJC_ISA_USAGE = YES_ERROR;
				CLANG_WARN_DOCUMENTATION_COMMENTS = YES;
				CLANG_WARN_EMPTY_BODY = YES;
				CLANG_WARN_ENUM_CONVERSION = YES;
				CLANG_WARN_INFINITE_RECURSION = YES;
				CLANG_WARN_INT_CONVERSION = YES;
				CLANG_WARN_NON_LITERAL_NULL_CONVERSION = YES;
				CLANG_WARN_OBJC_IMPLICIT_RETAIN_SELF = YES;
				CLANG_WARN_OBJC_LITERAL_CONVERSION = YES;
				CLANG_WARN_OBJC_ROOT_CLASS = YES_ERROR;
				CLANG_WARN_RANGE_LOOP_ANALYSIS = YES;
				CLANG_WARN_STRICT_PROTOTYPES = YES;
				CLANG_WARN_SUSPICIOUS_MOVE = YES;
				CLANG_WARN_UNGUARDED_AVAILABILITY = YES_AGGRESSIVE;
				CLANG_WARN_UNREACHABLE_CODE = YES;
				CLANG_WARN__DUPLICATE_METHOD_MATCH = YES;
				CODE_SIGN_IDENTITY = "iPhone Developer";
				COPY_PHASE_STRIP = NO;
				DEBUG_INFORMATION_FORMAT = "dwarf-with-dsym";
				ENABLE_NS_ASSERTIONS = NO;
				ENABLE_STRICT_OBJC_MSGSEND = YES;
				GCC_C_LANGUAGE_STANDARD = gnu11;
				GCC_NO_COMMON_BLOCKS = YES;
				GCC_WARN_64_TO_32_BIT_CONVERSION = YES;
				GCC_WARN_ABOUT_RETURN_TYPE = YES_ERROR;
				GCC_WARN_UNDECLARED_SELECTOR = YES;
				GCC_WARN_UNINITIALIZED_AUTOS = YES_AGGRESSIVE;
				GCC_WARN_UNUSED_FUNCTION = YES;
				GCC_WARN_UNUSED_VARIABLE = YES;
				IPHONEOS_DEPLOYMENT_TARGET = 12.2;
				MTL_ENABLE_DEBUG_INFO = NO;
				MTL_FAST_MATH = YES;
				SDKROOT = iphoneos;
				SWIFT_COMPILATION_MODE = wholemodule;
				SWIFT_OPTIMIZATION_LEVEL = "-O";
				VALIDATE_PRODUCT = YES;
			};
			name = Release;
		};
		8AE91D6022E9661500333D30 /* Debug */ = {
			isa = XCBuildConfiguration;
			buildSettings = {
				ASSETCATALOG_COMPILER_APPICON_NAME = AppIcon;
				CODE_SIGN_STYLE = Automatic;
				INFOPLIST_FILE = imgPicker/Info.plist;
				LD_RUNPATH_SEARCH_PATHS = (
					"$(inherited)",
					"@executable_path/Frameworks",
				);
				PRODUCT_BUNDLE_IDENTIFIER = FCI.imgPicker;
				PRODUCT_NAME = "$(TARGET_NAME)";
				SWIFT_VERSION = 5.0;
				TARGETED_DEVICE_FAMILY = "1,2";
			};
			name = Debug;
		};
		8AE91D6122E9661500333D30 /* Release */ = {
			isa = XCBuildConfiguration;
			buildSettings = {
				ASSETCATALOG_COMPILER_APPICON_NAME = AppIcon;
				CODE_SIGN_STYLE = Automatic;
				INFOPLIST_FILE = imgPicker/Info.plist;
				LD_RUNPATH_SEARCH_PATHS = (
					"$(inherited)",
					"@executable_path/Frameworks",
				);
				PRODUCT_BUNDLE_IDENTIFIER = FCI.imgPicker;
				PRODUCT_NAME = "$(TARGET_NAME)";
				SWIFT_VERSION = 5.0;
				TARGETED_DEVICE_FAMILY = "1,2";
			};
			name = Release;
		};
		8AE91D6322E9661500333D30 /* Debug */ = {
			isa = XCBuildConfiguration;
			buildSettings = {
				ALWAYS_EMBED_SWIFT_STANDARD_LIBRARIES = YES;
				BUNDLE_LOADER = "$(TEST_HOST)";
				CODE_SIGN_STYLE = Automatic;
				INFOPLIST_FILE = imgPickerTests/Info.plist;
				LD_RUNPATH_SEARCH_PATHS = (
					"$(inherited)",
					"@executable_path/Frameworks",
					"@loader_path/Frameworks",
				);
				PRODUCT_BUNDLE_IDENTIFIER = FCI.imgPickerTests;
				PRODUCT_NAME = "$(TARGET_NAME)";
				SWIFT_VERSION = 5.0;
				TARGETED_DEVICE_FAMILY = "1,2";
				TEST_HOST = "$(BUILT_PRODUCTS_DIR)/imgPicker.app/imgPicker";
			};
			name = Debug;
		};
		8AE91D6422E9661500333D30 /* Release */ = {
			isa = XCBuildConfiguration;
			buildSettings = {
				ALWAYS_EMBED_SWIFT_STANDARD_LIBRARIES = YES;
				BUNDLE_LOADER = "$(TEST_HOST)";
				CODE_SIGN_STYLE = Automatic;
				INFOPLIST_FILE = imgPickerTests/Info.plist;
				LD_RUNPATH_SEARCH_PATHS = (
					"$(inherited)",
					"@executable_path/Frameworks",
					"@loader_path/Frameworks",
				);
				PRODUCT_BUNDLE_IDENTIFIER = FCI.imgPickerTests;
				PRODUCT_NAME = "$(TARGET_NAME)";
				SWIFT_VERSION = 5.0;
				TARGETED_DEVICE_FAMILY = "1,2";
				TEST_HOST = "$(BUILT_PRODUCTS_DIR)/imgPicker.app/imgPicker";
			};
			name = Release;
		};
		8AE91D6622E9661500333D30 /* Debug */ = {
			isa = XCBuildConfiguration;
			buildSettings = {
				ALWAYS_EMBED_SWIFT_STANDARD_LIBRARIES = YES;
				CODE_SIGN_STYLE = Automatic;
				INFOPLIST_FILE = imgPickerUITests/Info.plist;
				LD_RUNPATH_SEARCH_PATHS = (
					"$(inherited)",
					"@executable_path/Frameworks",
					"@loader_path/Frameworks",
				);
				PRODUCT_BUNDLE_IDENTIFIER = FCI.imgPickerUITests;
				PRODUCT_NAME = "$(TARGET_NAME)";
				SWIFT_VERSION = 5.0;
				TARGETED_DEVICE_FAMILY = "1,2";
				TEST_TARGET_NAME = imgPicker;
			};
			name = Debug;
		};
		8AE91D6722E9661500333D30 /* Release */ = {
			isa = XCBuildConfiguration;
			buildSettings = {
				ALWAYS_EMBED_SWIFT_STANDARD_LIBRARIES = YES;
				CODE_SIGN_STYLE = Automatic;
				INFOPLIST_FILE = imgPickerUITests/Info.plist;
				LD_RUNPATH_SEARCH_PATHS = (
					"$(inherited)",
					"@executable_path/Frameworks",
					"@loader_path/Frameworks",
				);
				PRODUCT_BUNDLE_IDENTIFIER = FCI.imgPickerUITests;
				PRODUCT_NAME = "$(TARGET_NAME)";
				SWIFT_VERSION = 5.0;
				TARGETED_DEVICE_FAMILY = "1,2";
				TEST_TARGET_NAME = imgPicker;
			};
			name = Release;
		};
/* End XCBuildConfiguration section */

/* Begin XCConfigurationList section */
		8AE91D3222E9661300333D30 /* Build configuration list for PBXProject "imgPicker" */ = {
			isa = XCConfigurationList;
			buildConfigurations = (
				8AE91D5D22E9661500333D30 /* Debug */,
				8AE91D5E22E9661500333D30 /* Release */,
			);
			defaultConfigurationIsVisible = 0;
			defaultConfigurationName = Release;
		};
		8AE91D5F22E9661500333D30 /* Build configuration list for PBXNativeTarget "imgPicker" */ = {
			isa = XCConfigurationList;
			buildConfigurations = (
				8AE91D6022E9661500333D30 /* Debug */,
				8AE91D6122E9661500333D30 /* Release */,
			);
			defaultConfigurationIsVisible = 0;
			defaultConfigurationName = Release;
		};
		8AE91D6222E9661500333D30 /* Build configuration list for PBXNativeTarget "imgPickerTests" */ = {
			isa = XCConfigurationList;
			buildConfigurations = (
				8AE91D6322E9661500333D30 /* Debug */,
				8AE91D6422E9661500333D30 /* Release */,
			);
			defaultConfigurationIsVisible = 0;
			defaultConfigurationName = Release;
		};
		8AE91D6522E9661500333D30 /* Build configuration list for PBXNativeTarget "imgPickerUITests" */ = {
			isa = XCConfigurationList;
			buildConfigurations = (
				8AE91D6622E9661500333D30 /* Debug */,
				8AE91D6722E9661500333D30 /* Release */,
			);
			defaultConfigurationIsVisible = 0;
			defaultConfigurationName = Release;
		};
/* End XCConfigurationList section */
	};
	rootObject = 8AE91D2F22E9661300333D30 /* Project object */;
}
